
Microsoft Visual Studio Solution File, Format Version 12.00
# Visual Studio Version 16
VisualStudioVersion = 16.0.30011.22
MinimumVisualStudioVersion = 10.0.40219.1
Project("{FAE04EC0-301F-11D3-BF4B-00C04F79EFBC}") = "Duplet x school", "Duplet x school\Duplet x school.csproj", "{12508914-EA17-4CDA-B725-74840974159F}"
EndProject
Global
	GlobalSection(SolutionConfigurationPlatforms) = preSolution
		Debug|Any CPU = Debug|Any CPU
		Release|Any CPU = Release|Any CPU
	EndGlobalSection
	GlobalSection(ProjectConfigurationPlatforms) = postSolution
		{12508914-EA17-4CDA-B725-74840974159F}.Debug|Any CPU.ActiveCfg = Debug|Any CPU
		{12508914-EA17-4CDA-B725-74840974159F}.Debug|Any CPU.Build.0 = Debug|Any CPU
		{12508914-EA17-4CDA-B725-74840974159F}.Release|Any CPU.ActiveCfg = Release|Any CPU
		{12508914-EA17-4CDA-B725-74840974159F}.Release|Any CPU.Build.0 = Release|Any CPU
	EndGlobalSection
	GlobalSection(SolutionProperties) = preSolution
		HideSolutionNode = FALSE
	EndGlobalSection
	GlobalSection(ExtensibilityGlobals) = postSolution
		SolutionGuid = {6B36BCDC-E321-47E3-9DF5-517C4A898E20}
	EndGlobalSection
EndGlobal
